GEM
  remote: https://rubygems.org/
  specs:
    ffi (1.17.4)
    ffi (1.17.4-arm64-darwin)
    ffi (1.17.4-x86_64-darwin)
    minitest (5.27.0)

PLATFORMS
  arm64-darwin
  ruby
  x86_64-darwin
  x86_64-linux

DEPENDENCIES
  ffi (~> 1.15)
  minitest (~> 5.0)

RUBY VERSION
   ruby 3.1.2p20

BUNDLED WITH
   2.6.9
